
Microsoft Visual Studio Solution File, Format Version 12.00
# Visual Studio Version 17
VisualStudioVersion = 17.11.35222.181
MinimumVisualStudioVersion = 10.0.40219.1
Project("{FAE04EC0-301F-11D3-BF4B-00C04F79EFBC}") = "ConsoleApp", "ConsoleApp\ConsoleApp.csproj", "{C36E42AF-03F3-4DDC-89F9-E43ABAD19785}"
EndProject
Global
	GlobalSection(SolutionConfigurationPlatforms) = preSolution
		Debug|Any CPU = Debug|Any CPU
		Release|Any CPU = Release|Any CPU
	EndGlobalSection
	GlobalSection(ProjectConfigurationPlatforms) = postSolution
		{C36E42AF-03F3-4DDC-89F9-E43ABAD19785}.Debug|Any CPU.ActiveCfg = Debug|Any CPU
		{C36E42AF-03F3-4DDC-89F9-E43ABAD19785}.Debug|Any CPU.Build.0 = Debug|Any CPU
		{C36E42AF-03F3-4DDC-89F9-E43ABAD19785}.Release|Any CPU.ActiveCfg = Release|Any CPU
		{C36E42AF-03F3-4DDC-89F9-E43ABAD19785}.Release|Any CPU.Build.0 = Release|Any CPU
	EndGlobalSection
	GlobalSection(SolutionProperties) = preSolution
		HideSolutionNode = FALSE
	EndGlobalSection
	GlobalSection(ExtensibilityGlobals) = postSolution
		SolutionGuid = {7108539A-BFA9-4D8F-84D3-E709315B1FA9}
	EndGlobalSection
EndGlobal
