
Microsoft Visual Studio Solution File, Format Version 12.00
# Visual Studio Version 17
VisualStudioVersion = 17.11.35222.181
MinimumVisualStudioVersion = 10.0.40219.1
Project("{9A19103F-16F7-4668-BE54-9A1E7A4F7556}") = "DataAccess", "src\DataAccess\DataAccess.csproj", "{949ADFFD-7131-481D-B5D9-B27092E5F648}"
EndProject
Project("{9A19103F-16F7-4668-BE54-9A1E7A4F7556}") = "DataAccess.Tests", "test\DataAccess.Tests\DataAccess.Tests.csproj", "{4052F657-F9C3-4927-A24D-DF1904FE464D}"
EndProject
Project("{2150E333-8FDC-42A3-9474-1A3956D46DE8}") = "src", "src", "{A879A505-F587-406E-B53F-9ED18C3A12C6}"
	ProjectSection(SolutionItems) = preProject
		src\Dockerfile = src\Dockerfile
	EndProjectSection
EndProject
Project("{2150E333-8FDC-42A3-9474-1A3956D46DE8}") = "tests", "tests", "{E3D05D1C-91E8-4F26-A9E2-0B8A44F88749}"
EndProject
Project("{9A19103F-16F7-4668-BE54-9A1E7A4F7556}") = "SudokuProblems", "src\SudokuProblems\SudokuProblems.csproj", "{4F5808B8-DB8B-4B96-8A50-2D4CC7562653}"
EndProject
Project("{9A19103F-16F7-4668-BE54-9A1E7A4F7556}") = "DataAccess.Structures", "src\DataAccess.Structures\DataAccess.Structures.csproj", "{9436FB56-ACD2-4114-8D8D-EA184FD59A29}"
EndProject
Global
	GlobalSection(SolutionConfigurationPlatforms) = preSolution
		Debug|Any CPU = Debug|Any CPU
		Release|Any CPU = Release|Any CPU
	EndGlobalSection
	GlobalSection(ProjectConfigurationPlatforms) = postSolution
		{949ADFFD-7131-481D-B5D9-B27092E5F648}.Debug|Any CPU.ActiveCfg = Debug|Any CPU
		{949ADFFD-7131-481D-B5D9-B27092E5F648}.Debug|Any CPU.Build.0 = Debug|Any CPU
		{949ADFFD-7131-481D-B5D9-B27092E5F648}.Release|Any CPU.ActiveCfg = Release|Any CPU
		{949ADFFD-7131-481D-B5D9-B27092E5F648}.Release|Any CPU.Build.0 = Release|Any CPU
		{4052F657-F9C3-4927-A24D-DF1904FE464D}.Debug|Any CPU.ActiveCfg = Debug|Any CPU
		{4052F657-F9C3-4927-A24D-DF1904FE464D}.Debug|Any CPU.Build.0 = Debug|Any CPU
		{4052F657-F9C3-4927-A24D-DF1904FE464D}.Release|Any CPU.ActiveCfg = Release|Any CPU
		{4052F657-F9C3-4927-A24D-DF1904FE464D}.Release|Any CPU.Build.0 = Release|Any CPU
		{4F5808B8-DB8B-4B96-8A50-2D4CC7562653}.Debug|Any CPU.ActiveCfg = Debug|Any CPU
		{4F5808B8-DB8B-4B96-8A50-2D4CC7562653}.Debug|Any CPU.Build.0 = Debug|Any CPU
		{4F5808B8-DB8B-4B96-8A50-2D4CC7562653}.Release|Any CPU.ActiveCfg = Release|Any CPU
		{4F5808B8-DB8B-4B96-8A50-2D4CC7562653}.Release|Any CPU.Build.0 = Release|Any CPU
		{9436FB56-ACD2-4114-8D8D-EA184FD59A29}.Debug|Any CPU.ActiveCfg = Debug|Any CPU
		{9436FB56-ACD2-4114-8D8D-EA184FD59A29}.Debug|Any CPU.Build.0 = Debug|Any CPU
		{9436FB56-ACD2-4114-8D8D-EA184FD59A29}.Release|Any CPU.ActiveCfg = Release|Any CPU
		{9436FB56-ACD2-4114-8D8D-EA184FD59A29}.Release|Any CPU.Build.0 = Release|Any CPU
	EndGlobalSection
	GlobalSection(SolutionProperties) = preSolution
		HideSolutionNode = FALSE
	EndGlobalSection
	GlobalSection(NestedProjects) = preSolution
		{949ADFFD-7131-481D-B5D9-B27092E5F648} = {A879A505-F587-406E-B53F-9ED18C3A12C6}
		{4052F657-F9C3-4927-A24D-DF1904FE464D} = {E3D05D1C-91E8-4F26-A9E2-0B8A44F88749}
		{4F5808B8-DB8B-4B96-8A50-2D4CC7562653} = {A879A505-F587-406E-B53F-9ED18C3A12C6}
		{9436FB56-ACD2-4114-8D8D-EA184FD59A29} = {A879A505-F587-406E-B53F-9ED18C3A12C6}
	EndGlobalSection
	GlobalSection(ExtensibilityGlobals) = postSolution
		SolutionGuid = {320FE740-FB64-4155-B2C2-E656482201BE}
	EndGlobalSection
EndGlobal
